// !$*UTF8*$!
{
	archiveVersion = 1;
	classes = {
	};
	objectVersion = 55;
	objects = {

/* Begin PBXBuildFile section */
		777F4B8C286DE3C1004543E0 /* AppDelegate.swift in Sources */ = {isa = PBXBuildFile; fileRef = 777F4B8B286DE3C1004543E0 /* AppDelegate.swift */; };
		777F4B8E286DE3C1004543E0 /* DocumentBrowserViewController.swift in Sources */ = {isa = PBXBuildFile; fileRef = 777F4B8D286DE3C1004543E0 /* DocumentBrowserViewController.swift */; };
		777F4B92286DE3C1004543E0 /* ImageGallerieDocument.swift in Sources */ = {isa = PBXBuildFile; fileRef = 777F4B91286DE3C1004543E0 /* ImageGallerieDocument.swift */; };
		777F4B95286DE3C1004543E0 /* Main.storyboard in Resources */ = {isa = PBXBuildFile; fileRef = 777F4B93286DE3C1004543E0 /* Main.storyboard */; };
		777F4B97286DE3C3004543E0 /* Assets.xcassets in Resources */ = {isa = PBXBuildFile; fileRef = 777F4B96286DE3C3004543E0 /* Assets.xcassets */; };
		777F4B9A286DE3C3004543E0 /* LaunchScreen.storyboard in Resources */ = {isa = PBXBuildFile; fileRef = 777F4B98286DE3C3004543E0 /* LaunchScreen.storyboard */; };
		777F4BA6286DE464004543E0 /* ExtentionImage.swift in Sources */ = {isa = PBXBuildFile; fileRef = 777F4BA1286DE464004543E0 /* ExtentionImage.swift */; };
		777F4BA8286DE464004543E0 /* ExtentionURL.swift in Sources */ = {isa = PBXBuildFile; fileRef = 777F4BA3286DE464004543E0 /* ExtentionURL.swift */; };
		777F4BAC286F0EFC004543E0 /* ImageGallerieViewController.swift in Sources */ = {isa = PBXBuildFile; fileRef = 777F4BAB286F0EFC004543E0 /* ImageGallerieViewController.swift */; };
		777F4BAE286F0F74004543E0 /* Picture.swift in Sources */ = {isa = PBXBuildFile; fileRef = 777F4BAD286F0F74004543E0 /* Picture.swift */; };
		777F4BB2286F0FC1004543E0 /* ImageGallerieViewCell.swift in Sources */ = {isa = PBXBuildFile; fileRef = 777F4BB1286F0FC1004543E0 /* ImageGallerieViewCell.swift */; };
		777F4BB4286F117D004543E0 /* ImageViewController.swift in Sources */ = {isa = PBXBuildFile; fileRef = 777F4BB3286F117D004543E0 /* ImageViewController.swift */; };
		777F4BB62871C454004543E0 /* ExtentionViewController.swift in Sources */ = {isa = PBXBuildFile; fileRef = 777F4BB52871C453004543E0 /* ExtentionViewController.swift */; };
		777F4BB82874251C004543E0 /* ImageCache.swift in Sources */ = {isa = PBXBuildFile; fileRef = 777F4BB72874251C004543E0 /* ImageCache.swift */; };
/* End PBXBuildFile section */

/* Begin PBXFileReference section */
		777F4B88286DE3C1004543E0 /* Project_6_Persistent_Image_Gallery.app */ = {isa = PBXFileReference; explicitFileType = wrapper.application; includeInIndex = 0; path = Project_6_Persistent_Image_Gallery.app; sourceTree = BUILT_PRODUCTS_DIR; };
		777F4B8B286DE3C1004543E0 /* AppDelegate.swift */ = {isa = PBXFileReference; lastKnownFileType = sourcecode.swift; path = AppDelegate.swift; sourceTree = "<group>"; };
		777F4B8D286DE3C1004543E0 /* DocumentBrowserViewController.swift */ = {isa = PBXFileReference; lastKnownFileType = sourcecode.swift; path = DocumentBrowserViewController.swift; sourceTree = "<group>"; };
		777F4B91286DE3C1004543E0 /* ImageGallerieDocument.swift */ = {isa = PBXFileReference; lastKnownFileType = sourcecode.swift; path = ImageGallerieDocument.swift; sourceTree = "<group>"; };
		777F4B94286DE3C1004543E0 /* Base */ = {isa = PBXFileReference; lastKnownFileType = file.storyboard; name = Base; path = Base.lproj/Main.storyboard; sourceTree = "<group>"; };
		777F4B96286DE3C3004543E0 /* Assets.xcassets */ = {isa = PBXFileReference; lastKnownFileType = folder.assetcatalog; path = Assets.xcassets; sourceTree = "<group>"; };
		777F4B99286DE3C3004543E0 /* Base */ = {isa = PBXFileReference; lastKnownFileType = file.storyboard; name = Base; path = Base.lproj/LaunchScreen.storyboard; sourceTree = "<group>"; };
		777F4B9B286DE3C3004543E0 /* Info.plist */ = {isa = PBXFileReference; lastKnownFileType = text.plist.xml; path = Info.plist; sourceTree = "<group>"; };
		777F4BA1286DE464004543E0 /* ExtentionImage.swift */ = {isa = PBXFileReference; fileEncoding = 4; lastKnownFileType = sourcecode.swift; path = ExtentionImage.swift; sourceTree = "<group>"; };
		777F4BA3286DE464004543E0 /* ExtentionURL.swift */ = {isa = PBXFileReference; fileEncoding = 4; lastKnownFileType = sourcecode.swift; path = ExtentionURL.swift; sourceTree = "<group>"; };
		777F4BAB286F0EFC004543E0 /* ImageGallerieViewController.swift */ = {isa = PBXFileReference; lastKnownFileType = sourcecode.swift; path = ImageGallerieViewController.swift; sourceTree = "<group>"; };
		777F4BAD286F0F74004543E0 /* Picture.swift */ = {isa = PBXFileReference; lastKnownFileType = sourcecode.swift; path = Picture.swift; sourceTree = "<group>"; };
		777F4BB1286F0FC1004543E0 /* ImageGallerieViewCell.swift */ = {isa = PBXFileReference; lastKnownFileType = sourcecode.swift; path = ImageGallerieViewCell.swift; sourceTree = "<group>"; };
		777F4BB3286F117D004543E0 /* ImageViewController.swift */ = {isa = PBXFileReference; lastKnownFileType = sourcecode.swift; path = ImageViewController.swift; sourceTree = "<group>"; };
		777F4BB52871C453004543E0 /* ExtentionViewController.swift */ = {isa = PBXFileReference; lastKnownFileType = sourcecode.swift; path = ExtentionViewController.swift; sourceTree = "<group>"; };
		777F4BB72874251C004543E0 /* ImageCache.swift */ = {isa = PBXFileReference; lastKnownFileType = sourcecode.swift; path = ImageCache.swift; sourceTree = "<group>"; };
/* End PBXFileReference section */

/* Begin PBXFrameworksBuildPhase section */
		777F4B85286DE3C1004543E0 /* Frameworks */ = {
			isa = PBXFrameworksBuildPhase;
			buildActionMask = 2147483647;
			files = (
			);
			runOnlyForDeploymentPostprocessing = 0;
		};
/* End PBXFrameworksBuildPhase section */

/* Begin PBXGroup section */
		777F4B7F286DE3C1004543E0 = {
			isa = PBXGroup;
			children = (
				777F4B8A286DE3C1004543E0 /* Project_6_Persistent_Image_Gallery */,
				777F4B89286DE3C1004543E0 /* Products */,
			);
			sourceTree = "<group>";
		};
		777F4B89286DE3C1004543E0 /* Products */ = {
			isa = PBXGroup;
			children = (
				777F4B88286DE3C1004543E0 /* Project_6_Persistent_Image_Gallery.app */,
			);
			name = Products;
			sourceTree = "<group>";
		};
		777F4B8A286DE3C1004543E0 /* Project_6_Persistent_Image_Gallery */ = {
			isa = PBXGroup;
			children = (
				777F4B8B286DE3C1004543E0 /* AppDelegate.swift */,
				777F4B8D286DE3C1004543E0 /* DocumentBrowserViewController.swift */,
				777F4BB72874251C004543E0 /* ImageCache.swift */,
				777F4B91286DE3C1004543E0 /* ImageGallerieDocument.swift */,
				777F4B93286DE3C1004543E0 /* Main.storyboard */,
				777F4BAF286F0F7F004543E0 /* Model */,
				777F4BA1286DE464004543E0 /* ExtentionImage.swift */,
				777F4BA3286DE464004543E0 /* ExtentionURL.swift */,
				777F4BB52871C453004543E0 /* ExtentionViewController.swift */,
				777F4BB3286F117D004543E0 /* ImageViewController.swift */,
				777F4BB0286F0F97004543E0 /* GallerieScreen */,
				777F4B96286DE3C3004543E0 /* Assets.xcassets */,
				777F4B98286DE3C3004543E0 /* LaunchScreen.storyboard */,
				777F4B9B286DE3C3004543E0 /* Info.plist */,
			);
			path = Project_6_Persistent_Image_Gallery;
			sourceTree = "<group>";
		};
		777F4BAF286F0F7F004543E0 /* Model */ = {
			isa = PBXGroup;
			children = (
				777F4BAD286F0F74004543E0 /* Picture.swift */,
			);
			path = Model;
			sourceTree = "<group>";
		};
		777F4BB0286F0F97004543E0 /* GallerieScreen */ = {
			isa = PBXGroup;
			children = (
				777F4BAB286F0EFC004543E0 /* ImageGallerieViewController.swift */,
				777F4BB1286F0FC1004543E0 /* ImageGallerieViewCell.swift */,
			);
			path = GallerieScreen;
			sourceTree = "<group>";
		};
/* End PBXGroup section */

/* Begin PBXNativeTarget section */
		777F4B87286DE3C1004543E0 /* Project_6_Persistent_Image_Gallery */ = {
			isa = PBXNativeTarget;
			buildConfigurationList = 777F4B9E286DE3C3004543E0 /* Build configuration list for PBXNativeTarget "Project_6_Persistent_Image_Gallery" */;
			buildPhases = (
				777F4B84286DE3C1004543E0 /* Sources */,
				777F4B85286DE3C1004543E0 /* Frameworks */,
				777F4B86286DE3C1004543E0 /* Resources */,
			);
			buildRules = (
			);
			dependencies = (
			);
			name = Project_6_Persistent_Image_Gallery;
			productName = Project_6_Persistent_Image_Gallery;
			productReference = 777F4B88286DE3C1004543E0 /* Project_6_Persistent_Image_Gallery.app */;
			productType = "com.apple.product-type.application";
		};
/* End PBXNativeTarget section */

/* Begin PBXProject section */
		777F4B80286DE3C1004543E0 /* Project object */ = {
			isa = PBXProject;
			attributes = {
				BuildIndependentTargetsInParallel = 1;
				LastSwiftUpdateCheck = 1340;
				LastUpgradeCheck = 1340;
				TargetAttributes = {
					777F4B87286DE3C1004543E0 = {
						CreatedOnToolsVersion = 13.4.1;
					};
				};
			};
			buildConfigurationList = 777F4B83286DE3C1004543E0 /* Build configuration list for PBXProject "Project_6_Persistent_Image_Gallery" */;
			compatibilityVersion = "Xcode 13.0";
			developmentRegion = en;
			hasScannedForEncodings = 0;
			knownRegions = (
				en,
				Base,
			);
			mainGroup = 777F4B7F286DE3C1004543E0;
			productRefGroup = 777F4B89286DE3C1004543E0 /* Products */;
			projectDirPath = "";
			projectRoot = "";
			targets = (
				777F4B87286DE3C1004543E0 /* Project_6_Persistent_Image_Gallery */,
			);
		};
/* End PBXProject section */

/* Begin PBXResourcesBuildPhase section */
		777F4B86286DE3C1004543E0 /* Resources */ = {
			isa = PBXResourcesBuildPhase;
			buildActionMask = 2147483647;
			files = (
				777F4B9A286DE3C3004543E0 /* LaunchScreen.storyboard in Resources */,
				777F4B97286DE3C3004543E0 /* Assets.xcassets in Resources */,
				777F4B95286DE3C1004543E0 /* Main.storyboard in Resources */,
			);
			runOnlyForDeploymentPostprocessing = 0;
		};
/* End PBXResourcesBuildPhase section */

/* Begin PBXSourcesBuildPhase section */
		777F4B84286DE3C1004543E0 /* Sources */ = {
			isa = PBXSourcesBuildPhase;
			buildActionMask = 2147483647;
			files = (
				777F4BB82874251C004543E0 /* ImageCache.swift in Sources */,
				777F4BAE286F0F74004543E0 /* Picture.swift in Sources */,
				777F4BB62871C454004543E0 /* ExtentionViewController.swift in Sources */,
				777F4BAC286F0EFC004543E0 /* ImageGallerieViewController.swift in Sources */,
				777F4BB2286F0FC1004543E0 /* ImageGallerieViewCell.swift in Sources */,
				777F4B92286DE3C1004543E0 /* ImageGallerieDocument.swift in Sources */,
				777F4BB4286F117D004543E0 /* ImageViewController.swift in Sources */,
				777F4BA8286DE464004543E0 /* ExtentionURL.swift in Sources */,
				777F4B8E286DE3C1004543E0 /* DocumentBrowserViewController.swift in Sources */,
				777F4BA6286DE464004543E0 /* ExtentionImage.swift in Sources */,
				777F4B8C286DE3C1004543E0 /* AppDelegate.swift in Sources */,
			);
			runOnlyForDeploymentPostprocessing = 0;
		};
/* End PBXSourcesBuildPhase section */

/* Begin PBXVariantGroup section */
		777F4B93286DE3C1004543E0 /* Main.storyboard */ = {
			isa = PBXVariantGroup;
			children = (
				777F4B94286DE3C1004543E0 /* Base */,
			);
			name = Main.storyboard;
			sourceTree = "<group>";
		};
		777F4B98286DE3C3004543E0 /* LaunchScreen.storyboard */ = {
			isa = PBXVariantGroup;
			children = (
				777F4B99286DE3C3004543E0 /* Base */,
			);
			name = LaunchScreen.storyboard;
			sourceTree = "<group>";
		};
/* End PBXVariantGroup section */

/* Begin XCBuildConfiguration section */
		777F4B9C286DE3C3004543E0 /* Debug */ = {
			isa = XCBuildConfiguration;
			buildSettings = {
				ALWAYS_SEARCH_USER_PATHS = NO;
				CLANG_ANALYZER_NONNULL = YES;
				CLANG_ANALYZER_NUMBER_OBJECT_CONVERSION = YES_AGGRESSIVE;
				CLANG_CXX_LANGUAGE_STANDARD = "gnu++17";
				CLANG_ENABLE_MODULES = YES;
				CLANG_ENABLE_OBJC_ARC = YES;
				CLANG_ENABLE_OBJC_WEAK = YES;
				CLANG_WARN_BLOCK_CAPTURE_AUTORELEASING = YES;
				CLANG_WARN_BOOL_CONVERSION = YES;
				CLANG_WARN_COMMA = YES;
				CLANG_WARN_CONSTANT_CONVERSION = YES;
				CLANG_WARN_DEPRECATED_OBJC_IMPLEMENTATIONS = YES;
				CLANG_WARN_DIRECT_OBJC_ISA_USAGE = YES_ERROR;
				CLANG_WARN_DOCUMENTATION_COMMENTS = YES;
				CLANG_WARN_EMPTY_BODY = YES;
				CLANG_WARN_ENUM_CONVERSION = YES;
				CLANG_WARN_INFINITE_RECURSION = YES;
				CLANG_WARN_INT_CONVERSION = YES;
				CLANG_WARN_NON_LITERAL_NULL_CONVERSION = YES;
				CLANG_WARN_OBJC_IMPLICIT_RETAIN_SELF = YES;
				CLANG_WARN_OBJC_LITERAL_CONVERSION = YES;
				CLANG_WARN_OBJC_ROOT_CLASS = YES_ERROR;
				CLANG_WARN_QUOTED_INCLUDE_IN_FRAMEWORK_HEADER = YES;
				CLANG_WARN_RANGE_LOOP_ANALYSIS = YES;
				CLANG_WARN_STRICT_PROTOTYPES = YES;
				CLANG_WARN_SUSPICIOUS_MOVE = YES;
				CLANG_WARN_UNGUARDED_AVAILABILITY = YES_AGGRESSIVE;
				CLANG_WARN_UNREACHABLE_CODE = YES;
				CLANG_WARN__DUPLICATE_METHOD_MATCH = YES;
				COPY_PHASE_STRIP = NO;
				DEBUG_INFORMATION_FORMAT = dwarf;
				ENABLE_STRICT_OBJC_MSGSEND = YES;
				ENABLE_TESTABILITY = YES;
				GCC_C_LANGUAGE_STANDARD = gnu11;
				GCC_DYNAMIC_NO_PIC = NO;
				GCC_NO_COMMON_BLOCKS = YES;
				GCC_OPTIMIZATION_LEVEL = 0;
				GCC_PREPROCESSOR_DEFINITIONS = (
					"DEBUG=1",
					"$(inherited)",
				);
				GCC_WARN_64_TO_32_BIT_CONVERSION = YES;
				GCC_WARN_ABOUT_RETURN_TYPE = YES_ERROR;
				GCC_WARN_UNDECLARED_SELECTOR = YES;
				GCC_WARN_UNINITIALIZED_AUTOS = YES_AGGRESSIVE;
				GCC_WARN_UNUSED_FUNCTION = YES;
				GCC_WARN_UNUSED_VARIABLE = YES;
				IPHONEOS_DEPLOYMENT_TARGET = 15.5;
				MTL_ENABLE_DEBUG_INFO = INCLUDE_SOURCE;
				MTL_FAST_MATH = YES;
				ONLY_ACTIVE_ARCH = YES;
				SDKROOT = iphoneos;
				SWIFT_ACTIVE_COMPILATION_CONDITIONS = DEBUG;
				SWIFT_OPTIMIZATION_LEVEL = "-Onone";
			};
			name = Debug;
		};
		777F4B9D286DE3C3004543E0 /* Release */ = {
			isa = XCBuildConfiguration;
			buildSettings = {
				ALWAYS_SEARCH_USER_PATHS = NO;
				CLANG_ANALYZER_NONNULL = YES;
				CLANG_ANALYZER_NUMBER_OBJECT_CONVERSION = YES_AGGRESSIVE;
				CLANG_CXX_LANGUAGE_STANDARD = "gnu++17";
				CLANG_ENABLE_MODULES = YES;
				CLANG_ENABLE_OBJC_ARC = YES;
				CLANG_ENABLE_OBJC_WEAK = YES;
				CLANG_WARN_BLOCK_CAPTURE_AUTORELEASING = YES;
				CLANG_WARN_BOOL_CONVERSION = YES;
				CLANG_WARN_COMMA = YES;
				CLANG_WARN_CONSTANT_CONVERSION = YES;
				CLANG_WARN_DEPRECATED_OBJC_IMPLEMENTATIONS = YES;
				CLANG_WARN_DIRECT_OBJC_ISA_USAGE = YES_ERROR;
				CLANG_WARN_DOCUMENTATION_COMMENTS = YES;
				CLANG_WARN_EMPTY_BODY = YES;
				CLANG_WARN_ENUM_CONVERSION = YES;
				CLANG_WARN_INFINITE_RECURSION = YES;
				CLANG_WARN_INT_CONVERSION = YES;
				CLANG_WARN_NON_LITERAL_NULL_CONVERSION = YES;
				CLANG_WARN_OBJC_IMPLICIT_RETAIN_SELF = YES;
				CLANG_WARN_OBJC_LITERAL_CONVERSION = YES;
				CLANG_WARN_OBJC_ROOT_CLASS = YES_ERROR;
				CLANG_WARN_QUOTED_INCLUDE_IN_FRAMEWORK_HEADER = YES;
				CLANG_WARN_RANGE_LOOP_ANALYSIS = YES;
				CLANG_WARN_STRICT_PROTOTYPES = YES;
				CLANG_WARN_SUSPICIOUS_MOVE = YES;
				CLANG_WARN_UNGUARDED_AVAILABILITY = YES_AGGRESSIVE;
				CLANG_WARN_UNREACHABLE_CODE = YES;
				CLANG_WARN__DUPLICATE_METHOD_MATCH = YES;
				COPY_PHASE_STRIP = NO;
				DEBUG_INFORMATION_FORMAT = "dwarf-with-dsym";
				ENABLE_NS_ASSERTIONS = NO;
				ENABLE_STRICT_OBJC_MSGSEND = YES;
				GCC_C_LANGUAGE_STANDARD = gnu11;
				GCC_NO_COMMON_BLOCKS = YES;
				GCC_WARN_64_TO_32_BIT_CONVERSION = YES;
				GCC_WARN_ABOUT_RETURN_TYPE = YES_ERROR;
				GCC_WARN_UNDECLARED_SELECTOR = YES;
				GCC_WARN_UNINITIALIZED_AUTOS = YES_AGGRESSIVE;
				GCC_WARN_UNUSED_FUNCTION = YES;
				GCC_WARN_UNUSED_VARIABLE = YES;
				IPHONEOS_DEPLOYMENT_TARGET = 15.5;
				MTL_ENABLE_DEBUG_INFO = NO;
				MTL_FAST_MATH = YES;
				SDKROOT = iphoneos;
				SWIFT_COMPILATION_MODE = wholemodule;
				SWIFT_OPTIMIZATION_LEVEL = "-O";
				VALIDATE_PRODUCT = YES;
			};
			name = Release;
		};
		777F4B9F286DE3C3004543E0 /* Debug */ = {
			isa = XCBuildConfiguration;
			buildSettings = {
				ASSETCATALOG_COMPILER_APPICON_NAME = AppIcon;
				ASSETCATALOG_COMPILER_GLOBAL_ACCENT_COLOR_NAME = AccentColor;
				CODE_SIGN_STYLE = Automatic;
				CURRENT_PROJECT_VERSION = 1;
				DEVELOPMENT_TEAM = 7RDF3FUM2F;
				GENERATE_INFOPLIST_FILE = YES;
				INFOPLIST_FILE = Project_6_Persistent_Image_Gallery/Info.plist;
				INFOPLIST_KEY_UIApplicationSupportsIndirectInputEvents = YES;
				INFOPLIST_KEY_UILaunchStoryboardName = LaunchScreen;
				INFOPLIST_KEY_UIMainStoryboardFile = Main;
				INFOPLIST_KEY_UISupportedInterfaceOrientations_iPad = "UIInterfaceOrientationPortrait UIInterfaceOrientationPortraitUpsideDown UIInterfaceOrientationLandscapeLeft UIInterfaceOrientationLandscapeRight";
				INFOPLIST_KEY_UISupportedInterfaceOrientations_iPhone = "UIInterfaceOrientationPortrait UIInterfaceOrientationLandscapeLeft UIInterfaceOrientationLandscapeRight";
				INFOPLIST_KEY_UISupportsDocumentBrowser = YES;
				IPHONEOS_DEPLOYMENT_TARGET = 14.0;
				LD_RUNPATH_SEARCH_PATHS = (
					"$(inherited)",
					"@executable_path/Frameworks",
				);
				MARKETING_VERSION = 1.0;
				PRODUCT_BUNDLE_IDENTIFIER = "com.leobit.stanford.Project-6-Persistent-Image-Gallery";
				PRODUCT_NAME = "$(TARGET_NAME)";
				SWIFT_EMIT_LOC_STRINGS = YES;
				SWIFT_VERSION = 5.0;
				TARGETED_DEVICE_FAMILY = "1,2";
			};
			name = Debug;
		};
		777F4BA0286DE3C3004543E0 /* Release */ = {
			isa = XCBuildConfiguration;
			buildSettings = {
				ASSETCATALOG_COMPILER_APPICON_NAME = AppIcon;
				ASSETCATALOG_COMPILER_GLOBAL_ACCENT_COLOR_NAME = AccentColor;
				CODE_SIGN_STYLE = Automatic;
				CURRENT_PROJECT_VERSION = 1;
				DEVELOPMENT_TEAM = 7RDF3FUM2F;
				GENERATE_INFOPLIST_FILE = YES;
				INFOPLIST_FILE = Project_6_Persistent_Image_Gallery/Info.plist;
				INFOPLIST_KEY_UIApplicationSupportsIndirectInputEvents = YES;
				INFOPLIST_KEY_UILaunchStoryboardName = LaunchScreen;
				INFOPLIST_KEY_UIMainStoryboardFile = Main;
				INFOPLIST_KEY_UISupportedInterfaceOrientations_iPad = "UIInterfaceOrientationPortrait UIInterfaceOrientationPortraitUpsideDown UIInterfaceOrientationLandscapeLeft UIInterfaceOrientationLandscapeRight";
				INFOPLIST_KEY_UISupportedInterfaceOrientations_iPhone = "UIInterfaceOrientationPortrait UIInterfaceOrientationLandscapeLeft UIInterfaceOrientationLandscapeRight";
				INFOPLIST_KEY_UISupportsDocumentBrowser = YES;
				IPHONEOS_DEPLOYMENT_TARGET = 14.0;
				LD_RUNPATH_SEARCH_PATHS = (
					"$(inherited)",
					"@executable_path/Frameworks",
				);
				MARKETING_VERSION = 1.0;
				PRODUCT_BUNDLE_IDENTIFIER = "com.leobit.stanford.Project-6-Persistent-Image-Gallery";
				PRODUCT_NAME = "$(TARGET_NAME)";
				SWIFT_EMIT_LOC_STRINGS = YES;
				SWIFT_VERSION = 5.0;
				TARGETED_DEVICE_FAMILY = "1,2";
			};
			name = Release;
		};
/* End XCBuildConfiguration section */

/* Begin XCConfigurationList section */
		777F4B83286DE3C1004543E0 /* Build configuration list for PBXProject "Project_6_Persistent_Image_Gallery" */ = {
			isa = XCConfigurationList;
			buildConfigurations = (
				777F4B9C286DE3C3004543E0 /* Debug */,
				777F4B9D286DE3C3004543E0 /* Release */,
			);
			defaultConfigurationIsVisible = 0;
			defaultConfigurationName = Release;
		};
		777F4B9E286DE3C3004543E0 /* Build configuration list for PBXNativeTarget "Project_6_Persistent_Image_Gallery" */ = {
			isa = XCConfigurationList;
			buildConfigurations = (
				777F4B9F286DE3C3004543E0 /* Debug */,
				777F4BA0286DE3C3004543E0 /* Release */,
			);
			defaultConfigurationIsVisible = 0;
			defaultConfigurationName = Release;
		};
/* End XCConfigurationList section */
	};
	rootObject = 777F4B80286DE3C1004543E0 /* Project object */;
}
