// !$*UTF8*$!
{
	archiveVersion = 1;
	classes = {
	};
	objectVersion = 55;
	objects = {

/* Begin PBXBuildFile section */
		772C36B228997F57007309D2 /* AppDelegate.swift in Sources */ = {isa = PBXBuildFile; fileRef = 772C36B128997F57007309D2 /* AppDelegate.swift */; };
		772C36B428997F57007309D2 /* SceneDelegate.swift in Sources */ = {isa = PBXBuildFile; fileRef = 772C36B328997F57007309D2 /* SceneDelegate.swift */; };
		772C36BB28997F58007309D2 /* Assets.xcassets in Resources */ = {isa = PBXBuildFile; fileRef = 772C36BA28997F58007309D2 /* Assets.xcassets */; };
		772C36BE28997F58007309D2 /* LaunchScreen.storyboard in Resources */ = {isa = PBXBuildFile; fileRef = 772C36BC28997F58007309D2 /* LaunchScreen.storyboard */; };
		772C36D728997F94007309D2 /* Grid.swift in Sources */ = {isa = PBXBuildFile; fileRef = 772C36D428997F94007309D2 /* Grid.swift */; };
		772C36D828997F94007309D2 /* Extentions.swift in Sources */ = {isa = PBXBuildFile; fileRef = 772C36D128997F94007309D2 /* Extentions.swift */; };
		772C36D928997F94007309D2 /* CardView.swift in Sources */ = {isa = PBXBuildFile; fileRef = 772C36D328997F94007309D2 /* CardView.swift */; };
		772C36DA28997F94007309D2 /* SetupGame.swift in Sources */ = {isa = PBXBuildFile; fileRef = 772C36D628997F94007309D2 /* SetupGame.swift */; };
		772C36DB28997F94007309D2 /* CardModel.swift in Sources */ = {isa = PBXBuildFile; fileRef = 772C36D528997F94007309D2 /* CardModel.swift */; };
		772C36DC28997F94007309D2 /* ViewController.swift in Sources */ = {isa = PBXBuildFile; fileRef = 772C36D228997F94007309D2 /* ViewController.swift */; };
		7731C99C289D006800BD3763 /* HatchedFigureView.swift in Sources */ = {isa = PBXBuildFile; fileRef = 7731C99B289D006800BD3763 /* HatchedFigureView.swift */; };
		77E611FB28AD678C00C8104C /* Main.storyboard in Resources */ = {isa = PBXBuildFile; fileRef = 77E611FA28AD678C00C8104C /* Main.storyboard */; };
/* End PBXBuildFile section */

/* Begin PBXFileReference section */
		772C36AE28997F57007309D2 /* Project_3_Graphical_Set.app */ = {isa = PBXFileReference; explicitFileType = wrapper.application; includeInIndex = 0; path = Project_3_Graphical_Set.app; sourceTree = BUILT_PRODUCTS_DIR; };
		772C36B128997F57007309D2 /* AppDelegate.swift */ = {isa = PBXFileReference; lastKnownFileType = sourcecode.swift; path = AppDelegate.swift; sourceTree = "<group>"; };
		772C36B328997F57007309D2 /* SceneDelegate.swift */ = {isa = PBXFileReference; lastKnownFileType = sourcecode.swift; path = SceneDelegate.swift; sourceTree = "<group>"; };
		772C36BA28997F58007309D2 /* Assets.xcassets */ = {isa = PBXFileReference; lastKnownFileType = folder.assetcatalog; path = Assets.xcassets; sourceTree = "<group>"; };
		772C36BD28997F58007309D2 /* Base */ = {isa = PBXFileReference; lastKnownFileType = file.storyboard; name = Base; path = Base.lproj/LaunchScreen.storyboard; sourceTree = "<group>"; };
		772C36BF28997F58007309D2 /* Info.plist */ = {isa = PBXFileReference; lastKnownFileType = text.plist.xml; path = Info.plist; sourceTree = "<group>"; };
		772C36D128997F94007309D2 /* Extentions.swift */ = {isa = PBXFileReference; lastKnownFileType = sourcecode.swift; path = Extentions.swift; sourceTree = "<group>"; };
		772C36D228997F94007309D2 /* ViewController.swift */ = {isa = PBXFileReference; lastKnownFileType = sourcecode.swift; path = ViewController.swift; sourceTree = "<group>"; };
		772C36D328997F94007309D2 /* CardView.swift */ = {isa = PBXFileReference; lastKnownFileType = sourcecode.swift; path = CardView.swift; sourceTree = "<group>"; };
		772C36D428997F94007309D2 /* Grid.swift */ = {isa = PBXFileReference; lastKnownFileType = sourcecode.swift; path = Grid.swift; sourceTree = "<group>"; };
		772C36D528997F94007309D2 /* CardModel.swift */ = {isa = PBXFileReference; lastKnownFileType = sourcecode.swift; path = CardModel.swift; sourceTree = "<group>"; };
		772C36D628997F94007309D2 /* SetupGame.swift */ = {isa = PBXFileReference; lastKnownFileType = sourcecode.swift; path = SetupGame.swift; sourceTree = "<group>"; };
		7731C99B289D006800BD3763 /* HatchedFigureView.swift */ = {isa = PBXFileReference; lastKnownFileType = sourcecode.swift; path = HatchedFigureView.swift; sourceTree = "<group>"; };
		77E611FA28AD678C00C8104C /* Main.storyboard */ = {isa = PBXFileReference; fileEncoding = 4; lastKnownFileType = file.storyboard; path = Main.storyboard; sourceTree = "<group>"; };
/* End PBXFileReference section */

/* Begin PBXFrameworksBuildPhase section */
		772C36AB28997F57007309D2 /* Frameworks */ = {
			isa = PBXFrameworksBuildPhase;
			buildActionMask = 2147483647;
			files = (
			);
			runOnlyForDeploymentPostprocessing = 0;
		};
/* End PBXFrameworksBuildPhase section */

/* Begin PBXGroup section */
		772C36A528997F57007309D2 = {
			isa = PBXGroup;
			children = (
				772C36B028997F57007309D2 /* Project_3_Graphical_Set */,
				772C36AF28997F57007309D2 /* Products */,
			);
			sourceTree = "<group>";
		};
		772C36AF28997F57007309D2 /* Products */ = {
			isa = PBXGroup;
			children = (
				772C36AE28997F57007309D2 /* Project_3_Graphical_Set.app */,
			);
			name = Products;
			sourceTree = "<group>";
		};
		772C36B028997F57007309D2 /* Project_3_Graphical_Set */ = {
			isa = PBXGroup;
			children = (
				772C36B128997F57007309D2 /* AppDelegate.swift */,
				772C36B328997F57007309D2 /* SceneDelegate.swift */,
				772C36D528997F94007309D2 /* CardModel.swift */,
				77E611FA28AD678C00C8104C /* Main.storyboard */,
				77E611F728ABD4ED00C8104C /* Views */,
				772C36D128997F94007309D2 /* Extentions.swift */,
				772C36D428997F94007309D2 /* Grid.swift */,
				772C36D628997F94007309D2 /* SetupGame.swift */,
				772C36D228997F94007309D2 /* ViewController.swift */,
				772C36BA28997F58007309D2 /* Assets.xcassets */,
				772C36BC28997F58007309D2 /* LaunchScreen.storyboard */,
				772C36BF28997F58007309D2 /* Info.plist */,
			);
			path = Project_3_Graphical_Set;
			sourceTree = "<group>";
		};
		77E611F728ABD4ED00C8104C /* Views */ = {
			isa = PBXGroup;
			children = (
				7731C99B289D006800BD3763 /* HatchedFigureView.swift */,
				772C36D328997F94007309D2 /* CardView.swift */,
			);
			path = Views;
			sourceTree = "<group>";
		};
/* End PBXGroup section */

/* Begin PBXNativeTarget section */
		772C36AD28997F57007309D2 /* Project_3_Graphical_Set */ = {
			isa = PBXNativeTarget;
			buildConfigurationList = 772C36C228997F58007309D2 /* Build configuration list for PBXNativeTarget "Project_3_Graphical_Set" */;
			buildPhases = (
				772C36AA28997F57007309D2 /* Sources */,
				772C36AB28997F57007309D2 /* Frameworks */,
				772C36AC28997F57007309D2 /* Resources */,
			);
			buildRules = (
			);
			dependencies = (
			);
			name = Project_3_Graphical_Set;
			productName = Project_3_Graphical_Set;
			productReference = 772C36AE28997F57007309D2 /* Project_3_Graphical_Set.app */;
			productType = "com.apple.product-type.application";
		};
/* End PBXNativeTarget section */

/* Begin PBXProject section */
		772C36A628997F57007309D2 /* Project object */ = {
			isa = PBXProject;
			attributes = {
				BuildIndependentTargetsInParallel = 1;
				LastSwiftUpdateCheck = 1340;
				LastUpgradeCheck = 1340;
				TargetAttributes = {
					772C36AD28997F57007309D2 = {
						CreatedOnToolsVersion = 13.4.1;
					};
				};
			};
			buildConfigurationList = 772C36A928997F57007309D2 /* Build configuration list for PBXProject "Project_3_Graphical_Set" */;
			compatibilityVersion = "Xcode 13.0";
			developmentRegion = en;
			hasScannedForEncodings = 0;
			knownRegions = (
				en,
				Base,
			);
			mainGroup = 772C36A528997F57007309D2;
			productRefGroup = 772C36AF28997F57007309D2 /* Products */;
			projectDirPath = "";
			projectRoot = "";
			targets = (
				772C36AD28997F57007309D2 /* Project_3_Graphical_Set */,
			);
		};
/* End PBXProject section */

/* Begin PBXResourcesBuildPhase section */
		772C36AC28997F57007309D2 /* Resources */ = {
			isa = PBXResourcesBuildPhase;
			buildActionMask = 2147483647;
			files = (
				77E611FB28AD678C00C8104C /* Main.storyboard in Resources */,
				772C36BE28997F58007309D2 /* LaunchScreen.storyboard in Resources */,
				772C36BB28997F58007309D2 /* Assets.xcassets in Resources */,
			);
			runOnlyForDeploymentPostprocessing = 0;
		};
/* End PBXResourcesBuildPhase section */

/* Begin PBXSourcesBuildPhase section */
		772C36AA28997F57007309D2 /* Sources */ = {
			isa = PBXSourcesBuildPhase;
			buildActionMask = 2147483647;
			files = (
				772C36DA28997F94007309D2 /* SetupGame.swift in Sources */,
				772C36D828997F94007309D2 /* Extentions.swift in Sources */,
				772C36DC28997F94007309D2 /* ViewController.swift in Sources */,
				7731C99C289D006800BD3763 /* HatchedFigureView.swift in Sources */,
				772C36DB28997F94007309D2 /* CardModel.swift in Sources */,
				772C36B228997F57007309D2 /* AppDelegate.swift in Sources */,
				772C36B428997F57007309D2 /* SceneDelegate.swift in Sources */,
				772C36D928997F94007309D2 /* CardView.swift in Sources */,
				772C36D728997F94007309D2 /* Grid.swift in Sources */,
			);
			runOnlyForDeploymentPostprocessing = 0;
		};
/* End PBXSourcesBuildPhase section */

/* Begin PBXVariantGroup section */
		772C36BC28997F58007309D2 /* LaunchScreen.storyboard */ = {
			isa = PBXVariantGroup;
			children = (
				772C36BD28997F58007309D2 /* Base */,
			);
			name = LaunchScreen.storyboard;
			sourceTree = "<group>";
		};
/* End PBXVariantGroup section */

/* Begin XCBuildConfiguration section */
		772C36C028997F58007309D2 /* Debug */ = {
			isa = XCBuildConfiguration;
			buildSettings = {
				ALWAYS_SEARCH_USER_PATHS = NO;
				CLANG_ANALYZER_NONNULL = YES;
				CLANG_ANALYZER_NUMBER_OBJECT_CONVERSION = YES_AGGRESSIVE;
				CLANG_CXX_LANGUAGE_STANDARD = "gnu++17";
				CLANG_ENABLE_MODULES = YES;
				CLANG_ENABLE_OBJC_ARC = YES;
				CLANG_ENABLE_OBJC_WEAK = YES;
				CLANG_WARN_BLOCK_CAPTURE_AUTORELEASING = YES;
				CLANG_WARN_BOOL_CONVERSION = YES;
				CLANG_WARN_COMMA = YES;
				CLANG_WARN_CONSTANT_CONVERSION = YES;
				CLANG_WARN_DEPRECATED_OBJC_IMPLEMENTATIONS = YES;
				CLANG_WARN_DIRECT_OBJC_ISA_USAGE = YES_ERROR;
				CLANG_WARN_DOCUMENTATION_COMMENTS = YES;
				CLANG_WARN_EMPTY_BODY = YES;
				CLANG_WARN_ENUM_CONVERSION = YES;
				CLANG_WARN_INFINITE_RECURSION = YES;
				CLANG_WARN_INT_CONVERSION = YES;
				CLANG_WARN_NON_LITERAL_NULL_CONVERSION = YES;
				CLANG_WARN_OBJC_IMPLICIT_RETAIN_SELF = YES;
				CLANG_WARN_OBJC_LITERAL_CONVERSION = YES;
				CLANG_WARN_OBJC_ROOT_CLASS = YES_ERROR;
				CLANG_WARN_QUOTED_INCLUDE_IN_FRAMEWORK_HEADER = YES;
				CLANG_WARN_RANGE_LOOP_ANALYSIS = YES;
				CLANG_WARN_STRICT_PROTOTYPES = YES;
				CLANG_WARN_SUSPICIOUS_MOVE = YES;
				CLANG_WARN_UNGUARDED_AVAILABILITY = YES_AGGRESSIVE;
				CLANG_WARN_UNREACHABLE_CODE = YES;
				CLANG_WARN__DUPLICATE_METHOD_MATCH = YES;
				COPY_PHASE_STRIP = NO;
				DEBUG_INFORMATION_FORMAT = dwarf;
				ENABLE_STRICT_OBJC_MSGSEND = YES;
				ENABLE_TESTABILITY = YES;
				GCC_C_LANGUAGE_STANDARD = gnu11;
				GCC_DYNAMIC_NO_PIC = NO;
				GCC_NO_COMMON_BLOCKS = YES;
				GCC_OPTIMIZATION_LEVEL = 0;
				GCC_PREPROCESSOR_DEFINITIONS = (
					"DEBUG=1",
					"$(inherited)",
				);
				GCC_WARN_64_TO_32_BIT_CONVERSION = YES;
				GCC_WARN_ABOUT_RETURN_TYPE = YES_ERROR;
				GCC_WARN_UNDECLARED_SELECTOR = YES;
				GCC_WARN_UNINITIALIZED_AUTOS = YES_AGGRESSIVE;
				GCC_WARN_UNUSED_FUNCTION = YES;
				GCC_WARN_UNUSED_VARIABLE = YES;
				IPHONEOS_DEPLOYMENT_TARGET = 15.5;
				MTL_ENABLE_DEBUG_INFO = INCLUDE_SOURCE;
				MTL_FAST_MATH = YES;
				ONLY_ACTIVE_ARCH = YES;
				SDKROOT = iphoneos;
				SWIFT_ACTIVE_COMPILATION_CONDITIONS = DEBUG;
				SWIFT_OPTIMIZATION_LEVEL = "-Onone";
			};
			name = Debug;
		};
		772C36C128997F58007309D2 /* Release */ = {
			isa = XCBuildConfiguration;
			buildSettings = {
				ALWAYS_SEARCH_USER_PATHS = NO;
				CLANG_ANALYZER_NONNULL = YES;
				CLANG_ANALYZER_NUMBER_OBJECT_CONVERSION = YES_AGGRESSIVE;
				CLANG_CXX_LANGUAGE_STANDARD = "gnu++17";
				CLANG_ENABLE_MODULES = YES;
				CLANG_ENABLE_OBJC_ARC = YES;
				CLANG_ENABLE_OBJC_WEAK = YES;
				CLANG_WARN_BLOCK_CAPTURE_AUTORELEASING = YES;
				CLANG_WARN_BOOL_CONVERSION = YES;
				CLANG_WARN_COMMA = YES;
				CLANG_WARN_CONSTANT_CONVERSION = YES;
				CLANG_WARN_DEPRECATED_OBJC_IMPLEMENTATIONS = YES;
				CLANG_WARN_DIRECT_OBJC_ISA_USAGE = YES_ERROR;
				CLANG_WARN_DOCUMENTATION_COMMENTS = YES;
				CLANG_WARN_EMPTY_BODY = YES;
				CLANG_WARN_ENUM_CONVERSION = YES;
				CLANG_WARN_INFINITE_RECURSION = YES;
				CLANG_WARN_INT_CONVERSION = YES;
				CLANG_WARN_NON_LITERAL_NULL_CONVERSION = YES;
				CLANG_WARN_OBJC_IMPLICIT_RETAIN_SELF = YES;
				CLANG_WARN_OBJC_LITERAL_CONVERSION = YES;
				CLANG_WARN_OBJC_ROOT_CLASS = YES_ERROR;
				CLANG_WARN_QUOTED_INCLUDE_IN_FRAMEWORK_HEADER = YES;
				CLANG_WARN_RANGE_LOOP_ANALYSIS = YES;
				CLANG_WARN_STRICT_PROTOTYPES = YES;
				CLANG_WARN_SUSPICIOUS_MOVE = YES;
				CLANG_WARN_UNGUARDED_AVAILABILITY = YES_AGGRESSIVE;
				CLANG_WARN_UNREACHABLE_CODE = YES;
				CLANG_WARN__DUPLICATE_METHOD_MATCH = YES;
				COPY_PHASE_STRIP = NO;
				DEBUG_INFORMATION_FORMAT = "dwarf-with-dsym";
				ENABLE_NS_ASSERTIONS = NO;
				ENABLE_STRICT_OBJC_MSGSEND = YES;
				GCC_C_LANGUAGE_STANDARD = gnu11;
				GCC_NO_COMMON_BLOCKS = YES;
				GCC_WARN_64_TO_32_BIT_CONVERSION = YES;
				GCC_WARN_ABOUT_RETURN_TYPE = YES_ERROR;
				GCC_WARN_UNDECLARED_SELECTOR = YES;
				GCC_WARN_UNINITIALIZED_AUTOS = YES_AGGRESSIVE;
				GCC_WARN_UNUSED_FUNCTION = YES;
				GCC_WARN_UNUSED_VARIABLE = YES;
				IPHONEOS_DEPLOYMENT_TARGET = 15.5;
				MTL_ENABLE_DEBUG_INFO = NO;
				MTL_FAST_MATH = YES;
				SDKROOT = iphoneos;
				SWIFT_COMPILATION_MODE = wholemodule;
				SWIFT_OPTIMIZATION_LEVEL = "-O";
				VALIDATE_PRODUCT = YES;
			};
			name = Release;
		};
		772C36C328997F58007309D2 /* Debug */ = {
			isa = XCBuildConfiguration;
			buildSettings = {
				ASSETCATALOG_COMPILER_APPICON_NAME = AppIcon;
				ASSETCATALOG_COMPILER_GLOBAL_ACCENT_COLOR_NAME = AccentColor;
				CODE_SIGN_STYLE = Automatic;
				CURRENT_PROJECT_VERSION = 1;
				DEVELOPMENT_TEAM = 7RDF3FUM2F;
				GENERATE_INFOPLIST_FILE = YES;
				INFOPLIST_FILE = Project_3_Graphical_Set/Info.plist;
				INFOPLIST_KEY_UIApplicationSupportsIndirectInputEvents = YES;
				INFOPLIST_KEY_UILaunchStoryboardName = LaunchScreen;
				INFOPLIST_KEY_UIMainStoryboardFile = Main;
				INFOPLIST_KEY_UISupportedInterfaceOrientations_iPad = "UIInterfaceOrientationPortrait UIInterfaceOrientationPortraitUpsideDown UIInterfaceOrientationLandscapeLeft UIInterfaceOrientationLandscapeRight";
				INFOPLIST_KEY_UISupportedInterfaceOrientations_iPhone = "UIInterfaceOrientationPortrait UIInterfaceOrientationLandscapeLeft UIInterfaceOrientationLandscapeRight";
				LD_RUNPATH_SEARCH_PATHS = (
					"$(inherited)",
					"@executable_path/Frameworks",
				);
				MARKETING_VERSION = 1.0;
				PRODUCT_BUNDLE_IDENTIFIER = "com.leobit.stanford.Project-3-Graphical-Set";
				PRODUCT_NAME = "$(TARGET_NAME)";
				SWIFT_EMIT_LOC_STRINGS = YES;
				SWIFT_VERSION = 5.0;
				TARGETED_DEVICE_FAMILY = "1,2";
			};
			name = Debug;
		};
		772C36C428997F58007309D2 /* Release */ = {
			isa = XCBuildConfiguration;
			buildSettings = {
				ASSETCATALOG_COMPILER_APPICON_NAME = AppIcon;
				ASSETCATALOG_COMPILER_GLOBAL_ACCENT_COLOR_NAME = AccentColor;
				CODE_SIGN_STYLE = Automatic;
				CURRENT_PROJECT_VERSION = 1;
				DEVELOPMENT_TEAM = 7RDF3FUM2F;
				GENERATE_INFOPLIST_FILE = YES;
				INFOPLIST_FILE = Project_3_Graphical_Set/Info.plist;
				INFOPLIST_KEY_UIApplicationSupportsIndirectInputEvents = YES;
				INFOPLIST_KEY_UILaunchStoryboardName = LaunchScreen;
				INFOPLIST_KEY_UIMainStoryboardFile = Main;
				INFOPLIST_KEY_UISupportedInterfaceOrientations_iPad = "UIInterfaceOrientationPortrait UIInterfaceOrientationPortraitUpsideDown UIInterfaceOrientationLandscapeLeft UIInterfaceOrientationLandscapeRight";
				INFOPLIST_KEY_UISupportedInterfaceOrientations_iPhone = "UIInterfaceOrientationPortrait UIInterfaceOrientationLandscapeLeft UIInterfaceOrientationLandscapeRight";
				LD_RUNPATH_SEARCH_PATHS = (
					"$(inherited)",
					"@executable_path/Frameworks",
				);
				MARKETING_VERSION = 1.0;
				PRODUCT_BUNDLE_IDENTIFIER = "com.leobit.stanford.Project-3-Graphical-Set";
				PRODUCT_NAME = "$(TARGET_NAME)";
				SWIFT_EMIT_LOC_STRINGS = YES;
				SWIFT_VERSION = 5.0;
				TARGETED_DEVICE_FAMILY = "1,2";
			};
			name = Release;
		};
/* End XCBuildConfiguration section */

/* Begin XCConfigurationList section */
		772C36A928997F57007309D2 /* Build configuration list for PBXProject "Project_3_Graphical_Set" */ = {
			isa = XCConfigurationList;
			buildConfigurations = (
				772C36C028997F58007309D2 /* Debug */,
				772C36C128997F58007309D2 /* Release */,
			);
			defaultConfigurationIsVisible = 0;
			defaultConfigurationName = Release;
		};
		772C36C228997F58007309D2 /* Build configuration list for PBXNativeTarget "Project_3_Graphical_Set" */ = {
			isa = XCConfigurationList;
			buildConfigurations = (
				772C36C328997F58007309D2 /* Debug */,
				772C36C428997F58007309D2 /* Release */,
			);
			defaultConfigurationIsVisible = 0;
			defaultConfigurationName = Release;
		};
/* End XCConfigurationList section */
	};
	rootObject = 772C36A628997F57007309D2 /* Project object */;
}
